{
  "version": "5",
  "specifiers": {
    "jsr:@std/assert@*": "1.0.19",
    "jsr:@std/internal@^1.0.12": "1.0.12",
    "jsr:@supabase/functions-js@^0.0.0-automated": "0.0.0-jsr-test.1",
    "jsr:@supabase/supabase-js@2": "2.103.0"
  },
  "jsr": {
    "@std/assert@1.0.19": {
      "integrity": "eaada96ee120cb980bc47e040f82814d786fe8162ecc53c91d8df60b8755991e",
      "dependencies": [
        "jsr:@std/internal"
      ]
    },
    "@std/internal@1.0.12": {
      "integrity": "972a634fd5bc34b242024402972cd5143eac68d8dffaca5eaa4dba30ce17b027"
    },
    "@supabase/functions-js@0.0.0-jsr-test.1": {
      "integrity": "b1b37924af1f0011b4753201e1585a37b030e996c6682492e02575eb27d902b2"
    },
    "@supabase/supabase-js@2.103.0": {
      "integrity": "ad0b49229b4acfbb6fdb0cf32b42c37bd427180d7a413658537f502d3e93f9b8",
      "dependencies": [
        "jsr:@supabase/functions-js"
      ]
    }
  },
  "workspace": {
    "packageJson": {
      "dependencies": [
        "npm:@google/genai@^1.49.0",
        "npm:tsx@^4.19.0",
        "npm:typescript@^5.7.0"
      ]
    },
    "members": {
      "packages/remotion": {
        "packageJson": {
          "dependencies": [
            "npm:@remotion/cli@4",
            "npm:@remotion/layout-utils@4",
            "npm:@remotion/media-utils@4",
            "npm:@remotion/transitions@4",
            "npm:@types/react@19",
            "npm:react-dom@19",
            "npm:react@19",
            "npm:remotion@4",
            "npm:typescript@^5.7.0"
          ]
        }
      },
      "packages/shared": {
        "packageJson": {
          "dependencies": [
            "npm:typescript@^5.7.0"
          ]
        }
      },
      "packages/web": {
        "packageJson": {
          "dependencies": [
            "npm:@supabase/supabase-js@^2.49.0",
            "npm:@types/react-dom@19",
            "npm:@types/react@19",
            "npm:@vitejs/plugin-react@^4.4.0",
            "npm:i18next@24",
            "npm:react-dom@19",
            "npm:react-i18next@15",
            "npm:react-router-dom@7",
            "npm:react@19",
            "npm:typescript@^5.7.0",
            "npm:vite@6"
          ]
        }
      }
    }
  }
}
